Microsoft Visual Studio Solution File, Format Version 12.00
# Visual Studio Version 17
VisualStudioVersion = 17.5.2.0
MinimumVisualStudioVersion = 10.0.40219.1
Project("{FAE04EC0-301F-11D3-BF4B-00C04F79EFBC}") = "OptimizadorAluminio", "OptimizadorAluminio.csproj", "{6F456A53-BADA-3879-122F-37BA789F256A}"
EndProject
Global
	GlobalSection(SolutionConfigurationPlatforms) = preSolution
		Debug|Any CPU = Debug|Any CPU
		Release|Any CPU = Release|Any CPU
	EndGlobalSection
	GlobalSection(ProjectConfigurationPlatforms) = postSolution
		{6F456A53-BADA-3879-122F-37BA789F256A}.Debug|Any CPU.ActiveCfg = Debug|Any CPU
		{6F456A53-BADA-3879-122F-37BA789F256A}.Debug|Any CPU.Build.0 = Debug|Any CPU
		{6F456A53-BADA-3879-122F-37BA789F256A}.Release|Any CPU.ActiveCfg = Release|Any CPU
		{6F456A53-BADA-3879-122F-37BA789F256A}.Release|Any CPU.Build.0 = Release|Any CPU
	EndGlobalSection
	GlobalSection(SolutionProperties) = preSolution
		HideSolutionNode = FALSE
	EndGlobalSection
	GlobalSection(ExtensibilityGlobals) = postSolution
		SolutionGuid = {267C5965-2DB4-4205-B07C-553B8F4051B5}
	EndGlobalSection
EndGlobal
